
Microsoft Visual Studio Solution File, Format Version 12.00
# Visual Studio Version 16
VisualStudioVersion = 16.0.30804.86
MinimumVisualStudioVersion = 10.0.40219.1
Project("{FAE04EC0-301F-11D3-BF4B-00C04F79EFBC}") = "Highbrow", "WindowsFormsAppListBox\Highbrow.csproj", "{E9A32FBF-7976-4F56-AD0B-914B3184F2FF}"
EndProject
Global
	GlobalSection(SolutionConfigurationPlatforms) = preSolution
		Debug|Any CPU = Debug|Any CPU
		Release|Any CPU = Release|Any CPU
	EndGlobalSection
	GlobalSection(ProjectConfigurationPlatforms) = postSolution
		{E9A32FBF-7976-4F56-AD0B-914B3184F2FF}.Debug|Any CPU.ActiveCfg = Debug|Any CPU
		{E9A32FBF-7976-4F56-AD0B-914B3184F2FF}.Debug|Any CPU.Build.0 = Debug|Any CPU
		{E9A32FBF-7976-4F56-AD0B-914B3184F2FF}.Release|Any CPU.ActiveCfg = Release|Any CPU
		{E9A32FBF-7976-4F56-AD0B-914B3184F2FF}.Release|Any CPU.Build.0 = Release|Any CPU
	EndGlobalSection
	GlobalSection(SolutionProperties) = preSolution
		HideSolutionNode = FALSE
	EndGlobalSection
	GlobalSection(ExtensibilityGlobals) = postSolution
		SolutionGuid = {E4EB43C6-137E-4788-9C11-790978AB19F7}
	EndGlobalSection
EndGlobal
